github.com/michaelneuper/hugo-texify3 v0.0.0-20231108072202-3058960968ef h1:UQ7GNq4JDisAwym16nArIT7LE0SIGKQs0lqj900pGk4=
github.com/michaelneuper/hugo-texify3 v0.0.0-20231108072202-3058960968ef/go.mod h1:OLgVlYkX7N8YT/Qx//nu6Yemst3vx3jDUNTBTrIJIZE=
github.com/michaelneuper/hugo-texify3 v0.0.0-20231108193134-931ec8cf13e5 h1:o1U24PkkulIkrg5IG6ssXwdwZuPISEf7+21b2kVSS5M=
github.com/michaelneuper/hugo-texify3 v0.0.0-20231108193134-931ec8cf13e5/go.mod h1:OLgVlYkX7N8YT/Qx//nu6Yemst3vx3jDUNTBTrIJIZE=
github.com/michaelneuper/hugo-texify3 v0.0.0-20231109085612-50d2e32742c6 h1:dbCHTtYayxW5WhJT+roTyPs7uw3UtI4UWPUmYM+mgVc=
github.com/michaelneuper/hugo-texify3 v0.0.0-20231109085612-50d2e32742c6/go.mod h1:OLgVlYkX7N8YT/Qx//nu6Yemst3vx3jDUNTBTrIJIZE=
